PODS:
  - OAuthSwift (1.1.0)
  - SwiftyJSON (3.1.3)

DEPENDENCIES:
  - OAuthSwift (~> 1.1.0)
  - SwiftyJSON

SPEC CHECKSUMS:
  OAuthSwift: 7ec2c62274f6bdc30b1ba3b799c39a6fdcaea0e5
  SwiftyJSON: 38a8ea2006779c0fc4c310cb2ee8195327740faf

PODFILE CHECKSUM: daeeec0a4be06a11c3212d3691be231b09dd588c

COCOAPODS: 1.0.0
