// !$*UTF8*$!
{
	archiveVersion = 1;
	classes = {
	};
	objectVersion = 46;
	objects = {

/* Begin PBXBuildFile section */
		173E7ABD1E46894BF33A5C31 /* Pods_Maofan.framework in Frameworks */ = {isa = PBXBuildFile; fileRef = 5108B234C0CD30824E0A2692 /* Pods_Maofan.framework */; };
		C7016F371EC79FE60044B0A4 /* FanfouConsumer.swift.example in Resources */ = {isa = PBXBuildFile; fileRef = C7016F361EC79FE60044B0A4 /* FanfouConsumer.swift.example */; };
		C74376001EC83B9A00ACF58A /* TabBarController.swift in Sources */ = {isa = PBXBuildFile; fileRef = C74375FC1EC83B9A00ACF58A /* TabBarController.swift */; };
		C74376011EC83B9A00ACF58A /* TabBar.swift in Sources */ = {isa = PBXBuildFile; fileRef = C74375FD1EC83B9A00ACF58A /* TabBar.swift */; };
		C74376021EC83B9A00ACF58A /* TabNavigationController.swift in Sources */ = {isa = PBXBuildFile; fileRef = C74375FE1EC83B9A00ACF58A /* TabNavigationController.swift */; };
		C74376031EC83B9A00ACF58A /* NavigationBar.swift in Sources */ = {isa = PBXBuildFile; fileRef = C74375FF1EC83B9A00ACF58A /* NavigationBar.swift */; };
		C74376051EC83BAE00ACF58A /* Main.storyboard in Resources */ = {isa = PBXBuildFile; fileRef = C74376041EC83BAE00ACF58A /* Main.storyboard */; };
		C7A83A331EC8CA64000D6EB2 /* TestViewController.swift in Sources */ = {isa = PBXBuildFile; fileRef = C7A83A321EC8CA64000D6EB2 /* TestViewController.swift */; };
		C7DB86321EC60DD4000F8A9C /* HomeViewController.swift in Sources */ = {isa = PBXBuildFile; fileRef = C7DB862F1EC60DD4000F8A9C /* HomeViewController.swift */; };
		C7DB86331EC60DD4000F8A9C /* FeedCellNode.swift in Sources */ = {isa = PBXBuildFile; fileRef = C7DB86301EC60DD4000F8A9C /* FeedCellNode.swift */; };
		C7DE6FDE1EC4D14000EAAEEA /* AppDelegate.swift in Sources */ = {isa = PBXBuildFile; fileRef = C7DE6FDD1EC4D14000EAAEEA /* AppDelegate.swift */; };
		C7DE6FE61EC4D14000EAAEEA /* Maofan.xcdatamodeld in Sources */ = {isa = PBXBuildFile; fileRef = C7DE6FE41EC4D14000EAAEEA /* Maofan.xcdatamodeld */; };
		C7DE6FE81EC4D14000EAAEEA /* Assets.xcassets in Resources */ = {isa = PBXBuildFile; fileRef = C7DE6FE71EC4D14000EAAEEA /* Assets.xcassets */; };
		C7DE6FEB1EC4D14000EAAEEA /* LaunchScreen.storyboard in Resources */ = {isa = PBXBuildFile; fileRef = C7DE6FE91EC4D14000EAAEEA /* LaunchScreen.storyboard */; };
		C7DE6FF31EC4D28400EAAEEA /* OAuthExtension.swift in Sources */ = {isa = PBXBuildFile; fileRef = C7DE6FF21EC4D28400EAAEEA /* OAuthExtension.swift */; };
		C7DE6FF51EC4D2AC00EAAEEA /* FanfouConsumer.swift in Sources */ = {isa = PBXBuildFile; fileRef = C7DE6FF41EC4D2AC00EAAEEA /* FanfouConsumer.swift */; };
		C7DE6FF71EC4D2EE00EAAEEA /* Service.swift in Sources */ = {isa = PBXBuildFile; fileRef = C7DE6FF61EC4D2EE00EAAEEA /* Service.swift */; };
		C7DE6FF91EC4D2FB00EAAEEA /* Login.swift in Sources */ = {isa = PBXBuildFile; fileRef = C7DE6FF81EC4D2FB00EAAEEA /* Login.swift */; };
		C7DE6FFD1EC4D32B00EAAEEA /* Feed.swift in Sources */ = {isa = PBXBuildFile; fileRef = C7DE6FFA1EC4D32B00EAAEEA /* Feed.swift */; };
		C7DE6FFE1EC4D32B00EAAEEA /* FeedText.swift in Sources */ = {isa = PBXBuildFile; fileRef = C7DE6FFB1EC4D32B00EAAEEA /* FeedText.swift */; };
		C7DE6FFF1EC4D32B00EAAEEA /* User.swift in Sources */ = {isa = PBXBuildFile; fileRef = C7DE6FFC1EC4D32B00EAAEEA /* User.swift */; };
		C7DE70011EC4D3B000EAAEEA /* Misc.swift in Sources */ = {isa = PBXBuildFile; fileRef = C7DE70001EC4D3B000EAAEEA /* Misc.swift */; };
		C7DE70031EC4D3D400EAAEEA /* Style.swift in Sources */ = {isa = PBXBuildFile; fileRef = C7DE70021EC4D3D400EAAEEA /* Style.swift */; };
		C7DE70051EC4D5FE00EAAEEA /* CoreDataTool.swift in Sources */ = {isa = PBXBuildFile; fileRef = C7DE70041EC4D5FE00EAAEEA /* CoreDataTool.swift */; };
/* End PBXBuildFile section */

/* Begin PBXFileReference section */
		30CC914AA86591A819AFF037 /* Pods-Maofan.release.xcconfig */ = {isa = PBXFileReference; includeInIndex = 1; lastKnownFileType = text.xcconfig; name = "Pods-Maofan.release.xcconfig"; path = "Pods/Target Support Files/Pods-Maofan/Pods-Maofan.release.xcconfig"; sourceTree = "<group>"; };
		5108B234C0CD30824E0A2692 /* Pods_Maofan.framework */ = {isa = PBXFileReference; explicitFileType = wrapper.framework; includeInIndex = 0; path = Pods_Maofan.framework; sourceTree = BUILT_PRODUCTS_DIR; };
		9563B160E76149460AEFADEE /* Pods-Maofan.debug.xcconfig */ = {isa = PBXFileReference; includeInIndex = 1; lastKnownFileType = text.xcconfig; name = "Pods-Maofan.debug.xcconfig"; path = "Pods/Target Support Files/Pods-Maofan/Pods-Maofan.debug.xcconfig"; sourceTree = "<group>"; };
		C7016F361EC79FE60044B0A4 /* FanfouConsumer.swift.example */ = {isa = PBXFileReference; fileEncoding = 4; lastKnownFileType = text; path = FanfouConsumer.swift.example; sourceTree = "<group>"; };
		C74375FC1EC83B9A00ACF58A /* TabBarController.swift */ = {isa = PBXFileReference; fileEncoding = 4; lastKnownFileType = sourcecode.swift; path = TabBarController.swift; sourceTree = "<group>"; };
		C74375FD1EC83B9A00ACF58A /* TabBar.swift */ = {isa = PBXFileReference; fileEncoding = 4; lastKnownFileType = sourcecode.swift; path = TabBar.swift; sourceTree = "<group>"; };
		C74375FE1EC83B9A00ACF58A /* TabNavigationController.swift */ = {isa = PBXFileReference; fileEncoding = 4; lastKnownFileType = sourcecode.swift; path = TabNavigationController.swift; sourceTree = "<group>"; };
		C74375FF1EC83B9A00ACF58A /* NavigationBar.swift */ = {isa = PBXFileReference; fileEncoding = 4; lastKnownFileType = sourcecode.swift; path = NavigationBar.swift; sourceTree = "<group>"; };
		C74376041EC83BAE00ACF58A /* Main.storyboard */ = {isa = PBXFileReference; fileEncoding = 4; lastKnownFileType = file.storyboard; path = Main.storyboard; sourceTree = "<group>"; };
		C74F42B31F2F95FD00F3BA52 /* Maofan.entitlements */ = {isa = PBXFileReference; lastKnownFileType = text.plist.entitlements; path = Maofan.entitlements; sourceTree = "<group>"; };
		C7A83A321EC8CA64000D6EB2 /* TestViewController.swift */ = {isa = PBXFileReference; fileEncoding = 4; lastKnownFileType = sourcecode.swift; path = TestViewController.swift; sourceTree = "<group>"; };
		C7DB862F1EC60DD4000F8A9C /* HomeViewController.swift */ = {isa = PBXFileReference; fileEncoding = 4; lastKnownFileType = sourcecode.swift; path = HomeViewController.swift; sourceTree = "<group>"; };
		C7DB86301EC60DD4000F8A9C /* FeedCellNode.swift */ = {isa = PBXFileReference; fileEncoding = 4; lastKnownFileType = sourcecode.swift; path = FeedCellNode.swift; sourceTree = "<group>"; };
		C7DE6FDA1EC4D14000EAAEEA /* Maofan.app */ = {isa = PBXFileReference; explicitFileType = wrapper.application; includeInIndex = 0; path = Maofan.app; sourceTree = BUILT_PRODUCTS_DIR; };
		C7DE6FDD1EC4D14000EAAEEA /* AppDelegate.swift */ = {isa = PBXFileReference; lastKnownFileType = sourcecode.swift; path = AppDelegate.swift; sourceTree = "<group>"; };
		C7DE6FE51EC4D14000EAAEEA /* Maofan.xcdatamodel */ = {isa = PBXFileReference; lastKnownFileType = wrapper.xcdatamodel; path = Maofan.xcdatamodel; sourceTree = "<group>"; };
		C7DE6FE71EC4D14000EAAEEA /* Assets.xcassets */ = {isa = PBXFileReference; lastKnownFileType = folder.assetcatalog; path = Assets.xcassets; sourceTree = "<group>"; };
		C7DE6FEA1EC4D14000EAAEEA /* Base */ = {isa = PBXFileReference; lastKnownFileType = file.storyboard; name = Base; path = Base.lproj/LaunchScreen.storyboard; sourceTree = "<group>"; };
		C7DE6FEC1EC4D14000EAAEEA /* Info.plist */ = {isa = PBXFileReference; lastKnownFileType = text.plist.xml; path = Info.plist; sourceTree = "<group>"; };
		C7DE6FF21EC4D28400EAAEEA /* OAuthExtension.swift */ = {isa = PBXFileReference; fileEncoding = 4; lastKnownFileType = sourcecode.swift; path = OAuthExtension.swift; sourceTree = "<group>"; };
		C7DE6FF41EC4D2AC00EAAEEA /* FanfouConsumer.swift */ = {isa = PBXFileReference; fileEncoding = 4; lastKnownFileType = sourcecode.swift; path = FanfouConsumer.swift; sourceTree = "<group>"; };
		C7DE6FF61EC4D2EE00EAAEEA /* Service.swift */ = {isa = PBXFileReference; fileEncoding = 4; lastKnownFileType = sourcecode.swift; path = Service.swift; sourceTree = "<group>"; };
		C7DE6FF81EC4D2FB00EAAEEA /* Login.swift */ = {isa = PBXFileReference; fileEncoding = 4; lastKnownFileType = sourcecode.swift; path = Login.swift; sourceTree = "<group>"; };
		C7DE6FFA1EC4D32B00EAAEEA /* Feed.swift */ = {isa = PBXFileReference; fileEncoding = 4; lastKnownFileType = sourcecode.swift; path = Feed.swift; sourceTree = "<group>"; };
		C7DE6FFB1EC4D32B00EAAEEA /* FeedText.swift */ = {isa = PBXFileReference; fileEncoding = 4; lastKnownFileType = sourcecode.swift; path = FeedText.swift; sourceTree = "<group>"; };
		C7DE6FFC1EC4D32B00EAAEEA /* User.swift */ = {isa = PBXFileReference; fileEncoding = 4; lastKnownFileType = sourcecode.swift; path = User.swift; sourceTree = "<group>"; };
		C7DE70001EC4D3B000EAAEEA /* Misc.swift */ = {isa = PBXFileReference; fileEncoding = 4; lastKnownFileType = sourcecode.swift; path = Misc.swift; sourceTree = "<group>"; };
		C7DE70021EC4D3D400EAAEEA /* Style.swift */ = {isa = PBXFileReference; fileEncoding = 4; lastKnownFileType = sourcecode.swift; path = Style.swift; sourceTree = "<group>"; };
		C7DE70041EC4D5FE00EAAEEA /* CoreDataTool.swift */ = {isa = PBXFileReference; fileEncoding = 4; lastKnownFileType = sourcecode.swift; path = CoreDataTool.swift; sourceTree = "<group>"; };
/* End PBXFileReference section */

/* Begin PBXFrameworksBuildPhase section */
		C7DE6FD71EC4D14000EAAEEA /* Frameworks */ = {
			isa = PBXFrameworksBuildPhase;
			buildActionMask = 2147483647;
			files = (
				173E7ABD1E46894BF33A5C31 /* Pods_Maofan.framework in Frameworks */,
			);
			runOnlyForDeploymentPostprocessing = 0;
		};
/* End PBXFrameworksBuildPhase section */

/* Begin PBXGroup section */
		C6DE052710A82BDB29427E8A /* Frameworks */ = {
			isa = PBXGroup;
			children = (
				5108B234C0CD30824E0A2692 /* Pods_Maofan.framework */,
			);
			name = Frameworks;
			sourceTree = "<group>";
		};
		C7DE6FD11EC4D14000EAAEEA = {
			isa = PBXGroup;
			children = (
				C7DE6FDC1EC4D14000EAAEEA /* Maofan */,
				C7DE6FDB1EC4D14000EAAEEA /* Products */,
				EA8DFEE146C9506B89D0EBF8 /* Pods */,
				C6DE052710A82BDB29427E8A /* Frameworks */,
			);
			sourceTree = "<group>";
		};
		C7DE6FDB1EC4D14000EAAEEA /* Products */ = {
			isa = PBXGroup;
			children = (
				C7DE6FDA1EC4D14000EAAEEA /* Maofan.app */,
			);
			name = Products;
			sourceTree = "<group>";
		};
		C7DE6FDC1EC4D14000EAAEEA /* Maofan */ = {
			isa = PBXGroup;
			children = (
				C74F42B31F2F95FD00F3BA52 /* Maofan.entitlements */,
				C74376041EC83BAE00ACF58A /* Main.storyboard */,
				C7DE6FDD1EC4D14000EAAEEA /* AppDelegate.swift */,
				C74375FC1EC83B9A00ACF58A /* TabBarController.swift */,
				C74375FD1EC83B9A00ACF58A /* TabBar.swift */,
				C7DE70021EC4D3D400EAAEEA /* Style.swift */,
				C7DE70001EC4D3B000EAAEEA /* Misc.swift */,
				C74375FE1EC83B9A00ACF58A /* TabNavigationController.swift */,
				C74375FF1EC83B9A00ACF58A /* NavigationBar.swift */,
				C7A83A321EC8CA64000D6EB2 /* TestViewController.swift */,
				C7DB862F1EC60DD4000F8A9C /* HomeViewController.swift */,
				C7DB86301EC60DD4000F8A9C /* FeedCellNode.swift */,
				C7DE6FFA1EC4D32B00EAAEEA /* Feed.swift */,
				C7DE6FFB1EC4D32B00EAAEEA /* FeedText.swift */,
				C7DE6FFC1EC4D32B00EAAEEA /* User.swift */,
				C7DE70041EC4D5FE00EAAEEA /* CoreDataTool.swift */,
				C7DE6FF61EC4D2EE00EAAEEA /* Service.swift */,
				C7DE6FF81EC4D2FB00EAAEEA /* Login.swift */,
				C7DE6FF21EC4D28400EAAEEA /* OAuthExtension.swift */,
				C7DE6FF41EC4D2AC00EAAEEA /* FanfouConsumer.swift */,
				C7DE6FE71EC4D14000EAAEEA /* Assets.xcassets */,
				C7DE6FE91EC4D14000EAAEEA /* LaunchScreen.storyboard */,
				C7DE6FEC1EC4D14000EAAEEA /* Info.plist */,
				C7DE6FE41EC4D14000EAAEEA /* Maofan.xcdatamodeld */,
				C7016F361EC79FE60044B0A4 /* FanfouConsumer.swift.example */,
			);
			path = Maofan;
			sourceTree = "<group>";
		};
		EA8DFEE146C9506B89D0EBF8 /* Pods */ = {
			isa = PBXGroup;
			children = (
				9563B160E76149460AEFADEE /* Pods-Maofan.debug.xcconfig */,
				30CC914AA86591A819AFF037 /* Pods-Maofan.release.xcconfig */,
			);
			name = Pods;
			sourceTree = "<group>";
		};
/* End PBXGroup section */

/* Begin PBXNativeTarget section */
		C7DE6FD91EC4D14000EAAEEA /* Maofan */ = {
			isa = PBXNativeTarget;
			buildConfigurationList = C7DE6FEF1EC4D14000EAAEEA /* Build configuration list for PBXNativeTarget "Maofan" */;
			buildPhases = (
				2E2320EA529AD866B15D70A1 /* [CP] Check Pods Manifest.lock */,
				C7DE6FD61EC4D14000EAAEEA /* Sources */,
				C7DE6FD71EC4D14000EAAEEA /* Frameworks */,
				C7DE6FD81EC4D14000EAAEEA /* Resources */,
				BBF4CE2D37BFD88E06B405C4 /* [CP] Embed Pods Frameworks */,
			);
			buildRules = (
			);
			dependencies = (
			);
			name = Maofan;
			productName = Maofan;
			productReference = C7DE6FDA1EC4D14000EAAEEA /* Maofan.app */;
			productType = "com.apple.product-type.application";
		};
/* End PBXNativeTarget section */

/* Begin PBXProject section */
		C7DE6FD21EC4D14000EAAEEA /* Project object */ = {
			isa = PBXProject;
			attributes = {
				LastSwiftUpdateCheck = 0830;
				LastUpgradeCheck = 0930;
				ORGANIZATIONNAME = "Catt Liu";
				TargetAttributes = {
					C7DE6FD91EC4D14000EAAEEA = {
						CreatedOnToolsVersion = 8.3.2;
						DevelopmentTeam = LK4XTSG397;
						LastSwiftMigration = 0900;
						ProvisioningStyle = Automatic;
						SystemCapabilities = {
							com.apple.Push = {
								enabled = 1;
							};
						};
					};
				};
			};
			buildConfigurationList = C7DE6FD51EC4D14000EAAEEA /* Build configuration list for PBXProject "Maofan" */;
			compatibilityVersion = "Xcode 3.2";
			developmentRegion = English;
			hasScannedForEncodings = 0;
			knownRegions = (
				en,
				Base,
			);
			mainGroup = C7DE6FD11EC4D14000EAAEEA;
			productRefGroup = C7DE6FDB1EC4D14000EAAEEA /* Products */;
			projectDirPath = "";
			projectRoot = "";
			targets = (
				C7DE6FD91EC4D14000EAAEEA /* Maofan */,
			);
		};
/* End PBXProject section */

/* Begin PBXResourcesBuildPhase section */
		C7DE6FD81EC4D14000EAAEEA /* Resources */ = {
			isa = PBXResourcesBuildPhase;
			buildActionMask = 2147483647;
			files = (
				C7016F371EC79FE60044B0A4 /* FanfouConsumer.swift.example in Resources */,
				C7DE6FEB1EC4D14000EAAEEA /* LaunchScreen.storyboard in Resources */,
				C7DE6FE81EC4D14000EAAEEA /* Assets.xcassets in Resources */,
				C74376051EC83BAE00ACF58A /* Main.storyboard in Resources */,
			);
			runOnlyForDeploymentPostprocessing = 0;
		};
/* End PBXResourcesBuildPhase section */

/* Begin PBXShellScriptBuildPhase section */
		2E2320EA529AD866B15D70A1 /* [CP] Check Pods Manifest.lock */ = {
			isa = PBXShellScriptBuildPhase;
			buildActionMask = 2147483647;
			files = (
			);
			inputPaths = (
				"${PODS_PODFILE_DIR_PATH}/Podfile.lock",
				"${PODS_ROOT}/Manifest.lock",
			);
			name = "[CP] Check Pods Manifest.lock";
			outputPaths = (
				"$(DERIVED_FILE_DIR)/Pods-Maofan-checkManifestLockResult.txt",
			);
			runOnlyForDeploymentPostprocessing = 0;
			shellPath = /bin/sh;
			shellScript = "diff \"${PODS_PODFILE_DIR_PATH}/Podfile.lock\" \"${PODS_ROOT}/Manifest.lock\" > /dev/null\nif [ $? != 0 ] ; then\n    # print error to STDERR\n    echo \"error: The sandbox is not in sync with the Podfile.lock. Run 'pod install' or update your CocoaPods installation.\" >&2\n    exit 1\nfi\n# This output is used by Xcode 'outputs' to avoid re-running this script phase.\necho \"SUCCESS\" > \"${SCRIPT_OUTPUT_FILE_0}\"\n";
			showEnvVarsInLog = 0;
		};
		BBF4CE2D37BFD88E06B405C4 /* [CP] Embed Pods Frameworks */ = {
			isa = PBXShellScriptBuildPhase;
			buildActionMask = 2147483647;
			files = (
			);
			inputPaths = (
				"${SRCROOT}/Pods/Target Support Files/Pods-Maofan/Pods-Maofan-frameworks.sh",
				"${BUILT_PRODUCTS_DIR}/OAuthSwift/OAuthSwift.framework",
				"${BUILT_PRODUCTS_DIR}/PINCache/PINCache.framework",
				"${BUILT_PRODUCTS_DIR}/PINOperation/PINOperation.framework",
				"${BUILT_PRODUCTS_DIR}/PINRemoteImage/PINRemoteImage.framework",
				"${BUILT_PRODUCTS_DIR}/SwiftyJSON/SwiftyJSON.framework",
				"${BUILT_PRODUCTS_DIR}/Texture/AsyncDisplayKit.framework",
			);
			name = "[CP] Embed Pods Frameworks";
			outputPaths = (
				"${TARGET_BUILD_DIR}/${FRAMEWORKS_FOLDER_PATH}/OAuthSwift.framework",
				"${TARGET_BUILD_DIR}/${FRAMEWORKS_FOLDER_PATH}/PINCache.framework",
				"${TARGET_BUILD_DIR}/${FRAMEWORKS_FOLDER_PATH}/PINOperation.framework",
				"${TARGET_BUILD_DIR}/${FRAMEWORKS_FOLDER_PATH}/PINRemoteImage.framework",
				"${TARGET_BUILD_DIR}/${FRAMEWORKS_FOLDER_PATH}/SwiftyJSON.framework",
				"${TARGET_BUILD_DIR}/${FRAMEWORKS_FOLDER_PATH}/AsyncDisplayKit.framework",
			);
			runOnlyForDeploymentPostprocessing = 0;
			shellPath = /bin/sh;
			shellScript = "\"${SRCROOT}/Pods/Target Support Files/Pods-Maofan/Pods-Maofan-frameworks.sh\"\n";
			showEnvVarsInLog = 0;
		};
/* End PBXShellScriptBuildPhase section */

/* Begin PBXSourcesBuildPhase section */
		C7DE6FD61EC4D14000EAAEEA /* Sources */ = {
			isa = PBXSourcesBuildPhase;
			buildActionMask = 2147483647;
			files = (
				C7DE6FF91EC4D2FB00EAAEEA /* Login.swift in Sources */,
				C7A83A331EC8CA64000D6EB2 /* TestViewController.swift in Sources */,
				C7DE70051EC4D5FE00EAAEEA /* CoreDataTool.swift in Sources */,
				C7DE6FFD1EC4D32B00EAAEEA /* Feed.swift in Sources */,
				C74376011EC83B9A00ACF58A /* TabBar.swift in Sources */,
				C74376001EC83B9A00ACF58A /* TabBarController.swift in Sources */,
				C74376031EC83B9A00ACF58A /* NavigationBar.swift in Sources */,
				C74376021EC83B9A00ACF58A /* TabNavigationController.swift in Sources */,
				C7DE6FFE1EC4D32B00EAAEEA /* FeedText.swift in Sources */,
				C7DB86321EC60DD4000F8A9C /* HomeViewController.swift in Sources */,
				C7DE6FF31EC4D28400EAAEEA /* OAuthExtension.swift in Sources */,
				C7DE70011EC4D3B000EAAEEA /* Misc.swift in Sources */,
				C7DB86331EC60DD4000F8A9C /* FeedCellNode.swift in Sources */,
				C7DE6FE61EC4D14000EAAEEA /* Maofan.xcdatamodeld in Sources */,
				C7DE70031EC4D3D400EAAEEA /* Style.swift in Sources */,
				C7DE6FF51EC4D2AC00EAAEEA /* FanfouConsumer.swift in Sources */,
				C7DE6FDE1EC4D14000EAAEEA /* AppDelegate.swift in Sources */,
				C7DE6FFF1EC4D32B00EAAEEA /* User.swift in Sources */,
				C7DE6FF71EC4D2EE00EAAEEA /* Service.swift in Sources */,
			);
			runOnlyForDeploymentPostprocessing = 0;
		};
/* End PBXSourcesBuildPhase section */

/* Begin PBXVariantGroup section */
		C7DE6FE91EC4D14000EAAEEA /* LaunchScreen.storyboard */ = {
			isa = PBXVariantGroup;
			children = (
				C7DE6FEA1EC4D14000EAAEEA /* Base */,
			);
			name = LaunchScreen.storyboard;
			sourceTree = "<group>";
		};
/* End PBXVariantGroup section */

/* Begin XCBuildConfiguration section */
		C7DE6FED1EC4D14000EAAEEA /* Debug */ = {
			isa = XCBuildConfiguration;
			buildSettings = {
				ALWAYS_SEARCH_USER_PATHS = NO;
				CLANG_ANALYZER_NONNULL = YES;
				CLANG_ANALYZER_NUMBER_OBJECT_CONVERSION = YES_AGGRESSIVE;
				CLANG_CXX_LANGUAGE_STANDARD = "gnu++0x";
				CLANG_CXX_LIBRARY = "libc++";
				CLANG_ENABLE_MODULES = YES;
				CLANG_ENABLE_OBJC_ARC = YES;
				CLANG_WARN_BLOCK_CAPTURE_AUTORELEASING = YES;
				CLANG_WARN_BOOL_CONVERSION = YES;
				CLANG_WARN_COMMA = YES;
				CLANG_WARN_CONSTANT_CONVERSION = YES;
				CLANG_WARN_DEPRECATED_OBJC_IMPLEMENTATIONS = YES;
				CLANG_WARN_DIRECT_OBJC_ISA_USAGE = YES_ERROR;
				CLANG_WARN_DOCUMENTATION_COMMENTS = YES;
				CLANG_WARN_EMPTY_BODY = YES;
				CLANG_WARN_ENUM_CONVERSION = YES;
				CLANG_WARN_INFINITE_RECURSION = YES;
				CLANG_WARN_INT_CONVERSION = YES;
				CLANG_WARN_NON_LITERAL_NULL_CONVERSION = YES;
				CLANG_WARN_OBJC_IMPLICIT_RETAIN_SELF = YES;
				CLANG_WARN_OBJC_LITERAL_CONVERSION = YES;
				CLANG_WARN_OBJC_ROOT_CLASS = YES_ERROR;
				CLANG_WARN_RANGE_LOOP_ANALYSIS = YES;
				CLANG_WARN_STRICT_PROTOTYPES = YES;
				CLANG_WARN_SUSPICIOUS_MOVE = YES;
				CLANG_WARN_UNREACHABLE_CODE = YES;
				CLANG_WARN__DUPLICATE_METHOD_MATCH = YES;
				"CODE_SIGN_IDENTITY[sdk=iphoneos*]" = "iPhone Developer";
				COPY_PHASE_STRIP = NO;
				DEBUG_INFORMATION_FORMAT = dwarf;
				ENABLE_STRICT_OBJC_MSGSEND = YES;
				ENABLE_TESTABILITY = YES;
				GCC_C_LANGUAGE_STANDARD = gnu99;
				GCC_DYNAMIC_NO_PIC = NO;
				GCC_NO_COMMON_BLOCKS = YES;
				GCC_OPTIMIZATION_LEVEL = 0;
				GCC_PREPROCESSOR_DEFINITIONS = (
					"DEBUG=1",
					"$(inherited)",
				);
				GCC_WARN_64_TO_32_BIT_CONVERSION = YES;
				GCC_WARN_ABOUT_RETURN_TYPE = YES_ERROR;
				GCC_WARN_UNDECLARED_SELECTOR = YES;
				GCC_WARN_UNINITIALIZED_AUTOS = YES_AGGRESSIVE;
				GCC_WARN_UNUSED_FUNCTION = YES;
				GCC_WARN_UNUSED_VARIABLE = YES;
				IPHONEOS_DEPLOYMENT_TARGET = 11.3;
				MTL_ENABLE_DEBUG_INFO = YES;
				ONLY_ACTIVE_ARCH = YES;
				SDKROOT = iphoneos;
				SWIFT_ACTIVE_COMPILATION_CONDITIONS = DEBUG;
				SWIFT_OPTIMIZATION_LEVEL = "-Onone";
			};
			name = Debug;
		};
		C7DE6FEE1EC4D14000EAAEEA /* Release */ = {
			isa = XCBuildConfiguration;
			buildSettings = {
				ALWAYS_SEARCH_USER_PATHS = NO;
				CLANG_ANALYZER_NONNULL = YES;
				CLANG_ANALYZER_NUMBER_OBJECT_CONVERSION = YES_AGGRESSIVE;
				CLANG_CXX_LANGUAGE_STANDARD = "gnu++0x";
				CLANG_CXX_LIBRARY = "libc++";
				CLANG_ENABLE_MODULES = YES;
				CLANG_ENABLE_OBJC_ARC = YES;
				CLANG_WARN_BLOCK_CAPTURE_AUTORELEASING = YES;
				CLANG_WARN_BOOL_CONVERSION = YES;
				CLANG_WARN_COMMA = YES;
				CLANG_WARN_CONSTANT_CONVERSION = YES;
				CLANG_WARN_DEPRECATED_OBJC_IMPLEMENTATIONS = YES;
				CLANG_WARN_DIRECT_OBJC_ISA_USAGE = YES_ERROR;
				CLANG_WARN_DOCUMENTATION_COMMENTS = YES;
				CLANG_WARN_EMPTY_BODY = YES;
				CLANG_WARN_ENUM_CONVERSION = YES;
				CLANG_WARN_INFINITE_RECURSION = YES;
				CLANG_WARN_INT_CONVERSION = YES;
				CLANG_WARN_NON_LITERAL_NULL_CONVERSION = YES;
				CLANG_WARN_OBJC_IMPLICIT_RETAIN_SELF = YES;
				CLANG_WARN_OBJC_LITERAL_CONVERSION = YES;
				CLANG_WARN_OBJC_ROOT_CLASS = YES_ERROR;
				CLANG_WARN_RANGE_LOOP_ANALYSIS = YES;
				CLANG_WARN_STRICT_PROTOTYPES = YES;
				CLANG_WARN_SUSPICIOUS_MOVE = YES;
				CLANG_WARN_UNREACHABLE_CODE = YES;
				CLANG_WARN__DUPLICATE_METHOD_MATCH = YES;
				"CODE_SIGN_IDENTITY[sdk=iphoneos*]" = "iPhone Developer";
				COPY_PHASE_STRIP = NO;
				DEBUG_INFORMATION_FORMAT = "dwarf-with-dsym";
				ENABLE_NS_ASSERTIONS = NO;
				ENABLE_STRICT_OBJC_MSGSEND = YES;
				GCC_C_LANGUAGE_STANDARD = gnu99;
				GCC_NO_COMMON_BLOCKS = YES;
				GCC_WARN_64_TO_32_BIT_CONVERSION = YES;
				GCC_WARN_ABOUT_RETURN_TYPE = YES_ERROR;
				GCC_WARN_UNDECLARED_SELECTOR = YES;
				GCC_WARN_UNINITIALIZED_AUTOS = YES_AGGRESSIVE;
				GCC_WARN_UNUSED_FUNCTION = YES;
				GCC_WARN_UNUSED_VARIABLE = YES;
				IPHONEOS_DEPLOYMENT_TARGET = 11.3;
				MTL_ENABLE_DEBUG_INFO = NO;
				SDKROOT = iphoneos;
				SWIFT_OPTIMIZATION_LEVEL = "-Owholemodule";
				VALIDATE_PRODUCT = YES;
			};
			name = Release;
		};
		C7DE6FF01EC4D14000EAAEEA /* Debug */ = {
			isa = XCBuildConfiguration;
			baseConfigurationReference = 9563B160E76149460AEFADEE /* Pods-Maofan.debug.xcconfig */;
			buildSettings = {
				ASSETCATALOG_COMPILER_APPICON_NAME = AppIcon;
				CODE_SIGN_ENTITLEMENTS = Maofan/Maofan.entitlements;
				DEVELOPMENT_TEAM = LK4XTSG397;
				FRAMEWORK_SEARCH_PATHS = (
					"$(inherited)",
					"$(PROJECT_DIR)",
				);
				INFOPLIST_FILE = Maofan/Info.plist;
				LD_RUNPATH_SEARCH_PATHS = "$(inherited) @executable_path/Frameworks";
				PRODUCT_BUNDLE_IDENTIFIER = me.catt.maofan;
				PRODUCT_NAME = "$(TARGET_NAME)";
				SWIFT_SWIFT3_OBJC_INFERENCE = Default;
				SWIFT_VERSION = 4.0;
			};
			name = Debug;
		};
		C7DE6FF11EC4D14000EAAEEA /* Release */ = {
			isa = XCBuildConfiguration;
			baseConfigurationReference = 30CC914AA86591A819AFF037 /* Pods-Maofan.release.xcconfig */;
			buildSettings = {
				ASSETCATALOG_COMPILER_APPICON_NAME = AppIcon;
				CODE_SIGN_ENTITLEMENTS = Maofan/Maofan.entitlements;
				DEVELOPMENT_TEAM = LK4XTSG397;
				FRAMEWORK_SEARCH_PATHS = (
					"$(inherited)",
					"$(PROJECT_DIR)",
				);
				INFOPLIST_FILE = Maofan/Info.plist;
				LD_RUNPATH_SEARCH_PATHS = "$(inherited) @executable_path/Frameworks";
				PRODUCT_BUNDLE_IDENTIFIER = me.catt.maofan;
				PRODUCT_NAME = "$(TARGET_NAME)";
				SWIFT_SWIFT3_OBJC_INFERENCE = Default;
				SWIFT_VERSION = 4.0;
			};
			name = Release;
		};
/* End XCBuildConfiguration section */

/* Begin XCConfigurationList section */
		C7DE6FD51EC4D14000EAAEEA /* Build configuration list for PBXProject "Maofan" */ = {
			isa = XCConfigurationList;
			buildConfigurations = (
				C7DE6FED1EC4D14000EAAEEA /* Debug */,
				C7DE6FEE1EC4D14000EAAEEA /* Release */,
			);
			defaultConfigurationIsVisible = 0;
			defaultConfigurationName = Release;
		};
		C7DE6FEF1EC4D14000EAAEEA /* Build configuration list for PBXNativeTarget "Maofan" */ = {
			isa = XCConfigurationList;
			buildConfigurations = (
				C7DE6FF01EC4D14000EAAEEA /* Debug */,
				C7DE6FF11EC4D14000EAAEEA /* Release */,
			);
			defaultConfigurationIsVisible = 0;
			defaultConfigurationName = Release;
		};
/* End XCConfigurationList section */

/* Begin XCVersionGroup section */
		C7DE6FE41EC4D14000EAAEEA /* Maofan.xcdatamodeld */ = {
			isa = XCVersionGroup;
			children = (
				C7DE6FE51EC4D14000EAAEEA /* Maofan.xcdatamodel */,
			);
			currentVersion = C7DE6FE51EC4D14000EAAEEA /* Maofan.xcdatamodel */;
			path = Maofan.xcdatamodeld;
			sourceTree = "<group>";
			versionGroupType = wrapper.xcdatamodel;
		};
/* End XCVersionGroup section */
	};
	rootObject = C7DE6FD21EC4D14000EAAEEA /* Project object */;
}
